
Microsoft Visual Studio Solution File, Format Version 12.00
# Visual Studio Version 17
VisualStudioVersion = 17.7.34221.43
MinimumVisualStudioVersion = 10.0.40219.1
Project("{FAE04EC0-301F-11D3-BF4B-00C04F79EFBC}") = "sayi-uretme-toplama-1575", "sayi-uretme-toplama-1575\sayi-uretme-toplama-1575.csproj", "{2140EA3D-246D-4506-B289-19C9B783FE1A}"
EndProject
Global
	GlobalSection(SolutionConfigurationPlatforms) = preSolution
		Debug|Any CPU = Debug|Any CPU
		Release|Any CPU = Release|Any CPU
	EndGlobalSection
	GlobalSection(ProjectConfigurationPlatforms) = postSolution
		{2140EA3D-246D-4506-B289-19C9B783FE1A}.Debug|Any CPU.ActiveCfg = Debug|Any CPU
		{2140EA3D-246D-4506-B289-19C9B783FE1A}.Debug|Any CPU.Build.0 = Debug|Any CPU
		{2140EA3D-246D-4506-B289-19C9B783FE1A}.Release|Any CPU.ActiveCfg = Release|Any CPU
		{2140EA3D-246D-4506-B289-19C9B783FE1A}.Release|Any CPU.Build.0 = Release|Any CPU
	EndGlobalSection
	GlobalSection(SolutionProperties) = preSolution
		HideSolutionNode = FALSE
	EndGlobalSection
	GlobalSection(ExtensibilityGlobals) = postSolution
		SolutionGuid = {57821FBC-1334-455C-82F4-56C493014FC6}
	EndGlobalSection
EndGlobal
